
Microsoft Visual Studio Solution File, Format Version 12.00
# Visual Studio Version 17
VisualStudioVersion = 17.5.33516.290
MinimumVisualStudioVersion = 10.0.40219.1
Project("{FAE04EC0-301F-11D3-BF4B-00C04F79EFBC}") = "Project.WebUI", "Project.WebUI\Project.WebUI.csproj", "{0D17E7C5-39C6-4555-ABE6-EC44DB600D9A}"
EndProject
Global
	GlobalSection(SolutionConfigurationPlatforms) = preSolution
		Debug|Any CPU = Debug|Any CPU
		Release|Any CPU = Release|Any CPU
	EndGlobalSection
	GlobalSection(ProjectConfigurationPlatforms) = postSolution
		{0D17E7C5-39C6-4555-ABE6-EC44DB600D9A}.Debug|Any CPU.ActiveCfg = Debug|Any CPU
		{0D17E7C5-39C6-4555-ABE6-EC44DB600D9A}.Debug|Any CPU.Build.0 = Debug|Any CPU
		{0D17E7C5-39C6-4555-ABE6-EC44DB600D9A}.Release|Any CPU.ActiveCfg = Release|Any CPU
		{0D17E7C5-39C6-4555-ABE6-EC44DB600D9A}.Release|Any CPU.Build.0 = Release|Any CPU
	EndGlobalSection
	GlobalSection(SolutionProperties) = preSolution
		HideSolutionNode = FALSE
	EndGlobalSection
	GlobalSection(ExtensibilityGlobals) = postSolution
		SolutionGuid = {06F7B98E-93A1-48A3-9BCF-98265E7FB1C5}
	EndGlobalSection
EndGlobal
